// !$*UTF8*$!
{
	archiveVersion = 1;
	classes = {
	};
	objectVersion = 46;
	objects = {

/* Begin PBXBuildFile section */
		26436D541DB5EF1100799C72 /* StartViewController.swift in Sources */ = {isa = PBXBuildFile; fileRef = 26436D531DB5EF1100799C72 /* StartViewController.swift */; };
		26436D571DB5EF3100799C72 /* UserAddViewController.swift in Sources */ = {isa = PBXBuildFile; fileRef = 26436D561DB5EF3100799C72 /* UserAddViewController.swift */; };
		26436D591DB5EF5000799C72 /* IdentificationViewController.swift in Sources */ = {isa = PBXBuildFile; fileRef = 26436D581DB5EF5000799C72 /* IdentificationViewController.swift */; };
		26436D5B1DB5EF5E00799C72 /* ArtistViewController.swift in Sources */ = {isa = PBXBuildFile; fileRef = 26436D5A1DB5EF5E00799C72 /* ArtistViewController.swift */; };
		26436D5D1DB5EF6C00799C72 /* FakeArtistViewController.swift in Sources */ = {isa = PBXBuildFile; fileRef = 26436D5C1DB5EF6C00799C72 /* FakeArtistViewController.swift */; };
		26436D5F1DB5EF7700799C72 /* VoteViewController.swift in Sources */ = {isa = PBXBuildFile; fileRef = 26436D5E1DB5EF7700799C72 /* VoteViewController.swift */; };
		26436D611DB5EF8100799C72 /* ResultViewController.swift in Sources */ = {isa = PBXBuildFile; fileRef = 26436D601DB5EF8100799C72 /* ResultViewController.swift */; };
		26436D631DB5EF8E00799C72 /* AnswerViewController.swift in Sources */ = {isa = PBXBuildFile; fileRef = 26436D621DB5EF8E00799C72 /* AnswerViewController.swift */; };
		26436D651DB5EF9A00799C72 /* FakeArtistWiinViewController.swift in Sources */ = {isa = PBXBuildFile; fileRef = 26436D641DB5EF9A00799C72 /* FakeArtistWiinViewController.swift */; };
		26436D671DB5EFAB00799C72 /* ArtistWinViewController.swift in Sources */ = {isa = PBXBuildFile; fileRef = 26436D661DB5EFAB00799C72 /* ArtistWinViewController.swift */; };
		C2F5B2421DB5223E0099AF8F /* AppDelegate.swift in Sources */ = {isa = PBXBuildFile; fileRef = C2F5B2411DB5223E0099AF8F /* AppDelegate.swift */; };
		C2F5B2471DB5223E0099AF8F /* Main.storyboard in Resources */ = {isa = PBXBuildFile; fileRef = C2F5B2451DB5223E0099AF8F /* Main.storyboard */; };
		C2F5B2491DB5223E0099AF8F /* Assets.xcassets in Resources */ = {isa = PBXBuildFile; fileRef = C2F5B2481DB5223E0099AF8F /* Assets.xcassets */; };
		C2F5B24C1DB5223E0099AF8F /* LaunchScreen.storyboard in Resources */ = {isa = PBXBuildFile; fileRef = C2F5B24A1DB5223E0099AF8F /* LaunchScreen.storyboard */; };
		C2F5B2571DB5223F0099AF8F /* fakeTests.swift in Sources */ = {isa = PBXBuildFile; fileRef = C2F5B2561DB5223F0099AF8F /* fakeTests.swift */; };
		C2F5B2621DB5223F0099AF8F /* fakeUITests.swift in Sources */ = {isa = PBXBuildFile; fileRef = C2F5B2611DB5223F0099AF8F /* fakeUITests.swift */; };
		C2F5B2701DB719050099AF8F /* User.swift in Sources */ = {isa = PBXBuildFile; fileRef = C2F5B26F1DB719050099AF8F /* User.swift */; };
		C2F5B2721DBB138A0099AF8F /* ViewController.swift in Sources */ = {isa = PBXBuildFile; fileRef = C2F5B2711DBB138A0099AF8F /* ViewController.swift */; };
/* End PBXBuildFile section */

/* Begin PBXContainerItemProxy section */
		C2F5B2531DB5223F0099AF8F /* PBXContainerItemProxy */ = {
			isa = PBXContainerItemProxy;
			containerPortal = C2F5B2361DB5223E0099AF8F /* Project object */;
			proxyType = 1;
			remoteGlobalIDString = C2F5B23D1DB5223E0099AF8F;
			remoteInfo = fake;
		};
		C2F5B25E1DB5223F0099AF8F /* PBXContainerItemProxy */ = {
			isa = PBXContainerItemProxy;
			containerPortal = C2F5B2361DB5223E0099AF8F /* Project object */;
			proxyType = 1;
			remoteGlobalIDString = C2F5B23D1DB5223E0099AF8F;
			remoteInfo = fake;
		};
/* End PBXContainerItemProxy section */

/* Begin PBXFileReference section */
		26436D531DB5EF1100799C72 /* StartViewController.swift */ = {isa = PBXFileReference; fileEncoding = 4; lastKnownFileType = sourcecode.swift; path = StartViewController.swift; sourceTree = "<group>"; };
		26436D561DB5EF3100799C72 /* UserAddViewController.swift */ = {isa = PBXFileReference; fileEncoding = 4; lastKnownFileType = sourcecode.swift; path = UserAddViewController.swift; sourceTree = "<group>"; };
		26436D581DB5EF5000799C72 /* IdentificationViewController.swift */ = {isa = PBXFileReference; fileEncoding = 4; lastKnownFileType = sourcecode.swift; path = IdentificationViewController.swift; sourceTree = "<group>"; };
		26436D5A1DB5EF5E00799C72 /* ArtistViewController.swift */ = {isa = PBXFileReference; fileEncoding = 4; lastKnownFileType = sourcecode.swift; path = ArtistViewController.swift; sourceTree = "<group>"; };
		26436D5C1DB5EF6C00799C72 /* FakeArtistViewController.swift */ = {isa = PBXFileReference; fileEncoding = 4; lastKnownFileType = sourcecode.swift; path = FakeArtistViewController.swift; sourceTree = "<group>"; };
		26436D5E1DB5EF7700799C72 /* VoteViewController.swift */ = {isa = PBXFileReference; fileEncoding = 4; lastKnownFileType = sourcecode.swift; path = VoteViewController.swift; sourceTree = "<group>"; };
		26436D601DB5EF8100799C72 /* ResultViewController.swift */ = {isa = PBXFileReference; fileEncoding = 4; lastKnownFileType = sourcecode.swift; path = ResultViewController.swift; sourceTree = "<group>"; };
		26436D621DB5EF8E00799C72 /* AnswerViewController.swift */ = {isa = PBXFileReference; fileEncoding = 4; lastKnownFileType = sourcecode.swift; path = AnswerViewController.swift; sourceTree = "<group>"; };
		26436D641DB5EF9A00799C72 /* FakeArtistWiinViewController.swift */ = {isa = PBXFileReference; fileEncoding = 4; lastKnownFileType = sourcecode.swift; path = FakeArtistWiinViewController.swift; sourceTree = "<group>"; };
		26436D661DB5EFAB00799C72 /* ArtistWinViewController.swift */ = {isa = PBXFileReference; fileEncoding = 4; lastKnownFileType = sourcecode.swift; path = ArtistWinViewController.swift; sourceTree = "<group>"; };
		C2F5B23E1DB5223E0099AF8F /* fake.app */ = {isa = PBXFileReference; explicitFileType = wrapper.application; includeInIndex = 0; path = fake.app; sourceTree = BUILT_PRODUCTS_DIR; };
		C2F5B2411DB5223E0099AF8F /* AppDelegate.swift */ = {isa = PBXFileReference; lastKnownFileType = sourcecode.swift; path = AppDelegate.swift; sourceTree = "<group>"; };
		C2F5B2461DB5223E0099AF8F /* Base */ = {isa = PBXFileReference; lastKnownFileType = file.storyboard; name = Base; path = Base.lproj/Main.storyboard; sourceTree = "<group>"; };
		C2F5B2481DB5223E0099AF8F /* Assets.xcassets */ = {isa = PBXFileReference; lastKnownFileType = folder.assetcatalog; path = Assets.xcassets; sourceTree = "<group>"; };
		C2F5B24B1DB5223E0099AF8F /* Base */ = {isa = PBXFileReference; lastKnownFileType = file.storyboard; name = Base; path = Base.lproj/LaunchScreen.storyboard; sourceTree = "<group>"; };
		C2F5B24D1DB5223E0099AF8F /* Info.plist */ = {isa = PBXFileReference; lastKnownFileType = text.plist.xml; path = Info.plist; sourceTree = "<group>"; };
		C2F5B2521DB5223F0099AF8F /* fakeTests.xctest */ = {isa = PBXFileReference; explicitFileType = wrapper.cfbundle; includeInIndex = 0; path = fakeTests.xctest; sourceTree = BUILT_PRODUCTS_DIR; };
		C2F5B2561DB5223F0099AF8F /* fakeTests.swift */ = {isa = PBXFileReference; lastKnownFileType = sourcecode.swift; path = fakeTests.swift; sourceTree = "<group>"; };
		C2F5B2581DB5223F0099AF8F /* Info.plist */ = {isa = PBXFileReference; lastKnownFileType = text.plist.xml; path = Info.plist; sourceTree = "<group>"; };
		C2F5B25D1DB5223F0099AF8F /* fakeUITests.xctest */ = {isa = PBXFileReference; explicitFileType = wrapper.cfbundle; includeInIndex = 0; path = fakeUITests.xctest; sourceTree = BUILT_PRODUCTS_DIR; };
		C2F5B2611DB5223F0099AF8F /* fakeUITests.swift */ = {isa = PBXFileReference; lastKnownFileType = sourcecode.swift; path = fakeUITests.swift; sourceTree = "<group>"; };
		C2F5B2631DB5223F0099AF8F /* Info.plist */ = {isa = PBXFileReference; lastKnownFileType = text.plist.xml; path = Info.plist; sourceTree = "<group>"; };
		C2F5B26F1DB719050099AF8F /* User.swift */ = {isa = PBXFileReference; fileEncoding = 4; lastKnownFileType = sourcecode.swift; path = User.swift; sourceTree = "<group>"; };
		C2F5B2711DBB138A0099AF8F /* ViewController.swift */ = {isa = PBXFileReference; fileEncoding = 4; lastKnownFileType = sourcecode.swift; path = ViewController.swift; sourceTree = "<group>"; };
/* End PBXFileReference section */

/* Begin PBXFrameworksBuildPhase section */
		C2F5B23B1DB5223E0099AF8F /* Frameworks */ = {
			isa = PBXFrameworksBuildPhase;
			buildActionMask = 2147483647;
			files = (
			);
			runOnlyForDeploymentPostprocessing = 0;
		};
		C2F5B24F1DB5223F0099AF8F /* Frameworks */ = {
			isa = PBXFrameworksBuildPhase;
			buildActionMask = 2147483647;
			files = (
			);
			runOnlyForDeploymentPostprocessing = 0;
		};
		C2F5B25A1DB5223F0099AF8F /* Frameworks */ = {
			isa = PBXFrameworksBuildPhase;
			buildActionMask = 2147483647;
			files = (
			);
			runOnlyForDeploymentPostprocessing = 0;
		};
/* End PBXFrameworksBuildPhase section */

/* Begin PBXGroup section */
		26436D551DB5EF1500799C72 /* ViewController */ = {
			isa = PBXGroup;
			children = (
				26436D531DB5EF1100799C72 /* StartViewController.swift */,
				26436D561DB5EF3100799C72 /* UserAddViewController.swift */,
				26436D581DB5EF5000799C72 /* IdentificationViewController.swift */,
				26436D5A1DB5EF5E00799C72 /* ArtistViewController.swift */,
				26436D601DB5EF8100799C72 /* ResultViewController.swift */,
				26436D621DB5EF8E00799C72 /* AnswerViewController.swift */,
				26436D641DB5EF9A00799C72 /* FakeArtistWiinViewController.swift */,
				26436D5C1DB5EF6C00799C72 /* FakeArtistViewController.swift */,
				26436D661DB5EFAB00799C72 /* ArtistWinViewController.swift */,
				26436D5E1DB5EF7700799C72 /* VoteViewController.swift */,
			);
			name = ViewController;
			sourceTree = "<group>";
		};
		C2F5B2351DB5223E0099AF8F = {
			isa = PBXGroup;
			children = (
				C2F5B2401DB5223E0099AF8F /* fake */,
				C2F5B2551DB5223F0099AF8F /* fakeTests */,
				C2F5B2601DB5223F0099AF8F /* fakeUITests */,
				C2F5B23F1DB5223E0099AF8F /* Products */,
			);
			sourceTree = "<group>";
		};
		C2F5B23F1DB5223E0099AF8F /* Products */ = {
			isa = PBXGroup;
			children = (
				C2F5B23E1DB5223E0099AF8F /* fake.app */,
				C2F5B2521DB5223F0099AF8F /* fakeTests.xctest */,
				C2F5B25D1DB5223F0099AF8F /* fakeUITests.xctest */,
			);
			name = Products;
			sourceTree = "<group>";
		};
		C2F5B2401DB5223E0099AF8F /* fake */ = {
			isa = PBXGroup;
			children = (
				C2F5B2411DB5223E0099AF8F /* AppDelegate.swift */,
				C2F5B26F1DB719050099AF8F /* User.swift */,
				C2F5B2451DB5223E0099AF8F /* Main.storyboard */,
				C2F5B2711DBB138A0099AF8F /* ViewController.swift */,
				26436D551DB5EF1500799C72 /* ViewController */,
				C2F5B2481DB5223E0099AF8F /* Assets.xcassets */,
				C2F5B24A1DB5223E0099AF8F /* LaunchScreen.storyboard */,
				C2F5B24D1DB5223E0099AF8F /* Info.plist */,
			);
			path = fake;
			sourceTree = "<group>";
		};
		C2F5B2551DB5223F0099AF8F /* fakeTests */ = {
			isa = PBXGroup;
			children = (
				C2F5B2561DB5223F0099AF8F /* fakeTests.swift */,
				C2F5B2581DB5223F0099AF8F /* Info.plist */,
			);
			path = fakeTests;
			sourceTree = "<group>";
		};
		C2F5B2601DB5223F0099AF8F /* fakeUITests */ = {
			isa = PBXGroup;
			children = (
				C2F5B2611DB5223F0099AF8F /* fakeUITests.swift */,
				C2F5B2631DB5223F0099AF8F /* Info.plist */,
			);
			path = fakeUITests;
			sourceTree = "<group>";
		};
/* End PBXGroup section */

/* Begin PBXNativeTarget section */
		C2F5B23D1DB5223E0099AF8F /* fake */ = {
			isa = PBXNativeTarget;
			buildConfigurationList = C2F5B2661DB5223F0099AF8F /* Build configuration list for PBXNativeTarget "fake" */;
			buildPhases = (
				C2F5B23A1DB5223E0099AF8F /* Sources */,
				C2F5B23B1DB5223E0099AF8F /* Frameworks */,
				C2F5B23C1DB5223E0099AF8F /* Resources */,
			);
			buildRules = (
			);
			dependencies = (
			);
			name = fake;
			productName = fake;
			productReference = C2F5B23E1DB5223E0099AF8F /* fake.app */;
			productType = "com.apple.product-type.application";
		};
		C2F5B2511DB5223F0099AF8F /* fakeTests */ = {
			isa = PBXNativeTarget;
			buildConfigurationList = C2F5B2691DB5223F0099AF8F /* Build configuration list for PBXNativeTarget "fakeTests" */;
			buildPhases = (
				C2F5B24E1DB5223F0099AF8F /* Sources */,
				C2F5B24F1DB5223F0099AF8F /* Frameworks */,
				C2F5B2501DB5223F0099AF8F /* Resources */,
			);
			buildRules = (
			);
			dependencies = (
				C2F5B2541DB5223F0099AF8F /* PBXTargetDependency */,
			);
			name = fakeTests;
			productName = fakeTests;
			productReference = C2F5B2521DB5223F0099AF8F /* fakeTests.xctest */;
			productType = "com.apple.product-type.bundle.unit-test";
		};
		C2F5B25C1DB5223F0099AF8F /* fakeUITests */ = {
			isa = PBXNativeTarget;
			buildConfigurationList = C2F5B26C1DB5223F0099AF8F /* Build configuration list for PBXNativeTarget "fakeUITests" */;
			buildPhases = (
				C2F5B2591DB5223F0099AF8F /* Sources */,
				C2F5B25A1DB5223F0099AF8F /* Frameworks */,
				C2F5B25B1DB5223F0099AF8F /* Resources */,
			);
			buildRules = (
			);
			dependencies = (
				C2F5B25F1DB5223F0099AF8F /* PBXTargetDependency */,
			);
			name = fakeUITests;
			productName = fakeUITests;
			productReference = C2F5B25D1DB5223F0099AF8F /* fakeUITests.xctest */;
			productType = "com.apple.product-type.bundle.ui-testing";
		};
/* End PBXNativeTarget section */

/* Begin PBXProject section */
		C2F5B2361DB5223E0099AF8F /* Project object */ = {
			isa = PBXProject;
			attributes = {
				LastSwiftUpdateCheck = 0800;
				LastUpgradeCheck = 0800;
				ORGANIZATIONNAME = yu_hi;
				TargetAttributes = {
					C2F5B23D1DB5223E0099AF8F = {
						CreatedOnToolsVersion = 8.0;
						ProvisioningStyle = Automatic;
					};
					C2F5B2511DB5223F0099AF8F = {
						CreatedOnToolsVersion = 8.0;
						ProvisioningStyle = Automatic;
						TestTargetID = C2F5B23D1DB5223E0099AF8F;
					};
					C2F5B25C1DB5223F0099AF8F = {
						CreatedOnToolsVersion = 8.0;
						ProvisioningStyle = Automatic;
						TestTargetID = C2F5B23D1DB5223E0099AF8F;
					};
				};
			};
			buildConfigurationList = C2F5B2391DB5223E0099AF8F /* Build configuration list for PBXProject "fake" */;
			compatibilityVersion = "Xcode 3.2";
			developmentRegion = English;
			hasScannedForEncodings = 0;
			knownRegions = (
				en,
				Base,
			);
			mainGroup = C2F5B2351DB5223E0099AF8F;
			productRefGroup = C2F5B23F1DB5223E0099AF8F /* Products */;
			projectDirPath = "";
			projectRoot = "";
			targets = (
				C2F5B23D1DB5223E0099AF8F /* fake */,
				C2F5B2511DB5223F0099AF8F /* fakeTests */,
				C2F5B25C1DB5223F0099AF8F /* fakeUITests */,
			);
		};
/* End PBXProject section */

/* Begin PBXResourcesBuildPhase section */
		C2F5B23C1DB5223E0099AF8F /* Resources */ = {
			isa = PBXResourcesBuildPhase;
			buildActionMask = 2147483647;
			files = (
				C2F5B24C1DB5223E0099AF8F /* LaunchScreen.storyboard in Resources */,
				C2F5B2491DB5223E0099AF8F /* Assets.xcassets in Resources */,
				C2F5B2471DB5223E0099AF8F /* Main.storyboard in Resources */,
			);
			runOnlyForDeploymentPostprocessing = 0;
		};
		C2F5B2501DB5223F0099AF8F /* Resources */ = {
			isa = PBXResourcesBuildPhase;
			buildActionMask = 2147483647;
			files = (
			);
			runOnlyForDeploymentPostprocessing = 0;
		};
		C2F5B25B1DB5223F0099AF8F /* Resources */ = {
			isa = PBXResourcesBuildPhase;
			buildActionMask = 2147483647;
			files = (
			);
			runOnlyForDeploymentPostprocessing = 0;
		};
/* End PBXResourcesBuildPhase section */

/* Begin PBXSourcesBuildPhase section */
		C2F5B23A1DB5223E0099AF8F /* Sources */ = {
			isa = PBXSourcesBuildPhase;
			buildActionMask = 2147483647;
			files = (
				C2F5B2421DB5223E0099AF8F /* AppDelegate.swift in Sources */,
				26436D541DB5EF1100799C72 /* StartViewController.swift in Sources */,
				26436D5F1DB5EF7700799C72 /* VoteViewController.swift in Sources */,
				26436D671DB5EFAB00799C72 /* ArtistWinViewController.swift in Sources */,
				26436D631DB5EF8E00799C72 /* AnswerViewController.swift in Sources */,
				26436D611DB5EF8100799C72 /* ResultViewController.swift in Sources */,
				26436D651DB5EF9A00799C72 /* FakeArtistWiinViewController.swift in Sources */,
				26436D591DB5EF5000799C72 /* IdentificationViewController.swift in Sources */,
				C2F5B2721DBB138A0099AF8F /* ViewController.swift in Sources */,
				C2F5B2701DB719050099AF8F /* User.swift in Sources */,
				26436D571DB5EF3100799C72 /* UserAddViewController.swift in Sources */,
				26436D5D1DB5EF6C00799C72 /* FakeArtistViewController.swift in Sources */,
				26436D5B1DB5EF5E00799C72 /* ArtistViewController.swift in Sources */,
			);
			runOnlyForDeploymentPostprocessing = 0;
		};
		C2F5B24E1DB5223F0099AF8F /* Sources */ = {
			isa = PBXSourcesBuildPhase;
			buildActionMask = 2147483647;
			files = (
				C2F5B2571DB5223F0099AF8F /* fakeTests.swift in Sources */,
			);
			runOnlyForDeploymentPostprocessing = 0;
		};
		C2F5B2591DB5223F0099AF8F /* Sources */ = {
			isa = PBXSourcesBuildPhase;
			buildActionMask = 2147483647;
			files = (
				C2F5B2621DB5223F0099AF8F /* fakeUITests.swift in Sources */,
			);
			runOnlyForDeploymentPostprocessing = 0;
		};
/* End PBXSourcesBuildPhase section */

/* Begin PBXTargetDependency section */
		C2F5B2541DB5223F0099AF8F /* PBXTargetDependency */ = {
			isa = PBXTargetDependency;
			target = C2F5B23D1DB5223E0099AF8F /* fake */;
			targetProxy = C2F5B2531DB5223F0099AF8F /* PBXContainerItemProxy */;
		};
		C2F5B25F1DB5223F0099AF8F /* PBXTargetDependency */ = {
			isa = PBXTargetDependency;
			target = C2F5B23D1DB5223E0099AF8F /* fake */;
			targetProxy = C2F5B25E1DB5223F0099AF8F /* PBXContainerItemProxy */;
		};
/* End PBXTargetDependency section */

/* Begin PBXVariantGroup section */
		C2F5B2451DB5223E0099AF8F /* Main.storyboard */ = {
			isa = PBXVariantGroup;
			children = (
				C2F5B2461DB5223E0099AF8F /* Base */,
			);
			name = Main.storyboard;
			sourceTree = "<group>";
		};
		C2F5B24A1DB5223E0099AF8F /* LaunchScreen.storyboard */ = {
			isa = PBXVariantGroup;
			children = (
				C2F5B24B1DB5223E0099AF8F /* Base */,
			);
			name = LaunchScreen.storyboard;
			sourceTree = "<group>";
		};
/* End PBXVariantGroup section */

/* Begin XCBuildConfiguration section */
		C2F5B2641DB5223F0099AF8F /* Debug */ = {
			isa = XCBuildConfiguration;
			buildSettings = {
				ALWAYS_SEARCH_USER_PATHS = NO;
				CLANG_ANALYZER_NONNULL = YES;
				CLANG_CXX_LANGUAGE_STANDARD = "gnu++0x";
				CLANG_CXX_LIBRARY = "libc++";
				CLANG_ENABLE_MODULES = YES;
				CLANG_ENABLE_OBJC_ARC = YES;
				CLANG_WARN_BOOL_CONVERSION = YES;
				CLANG_WARN_CONSTANT_CONVERSION = YES;
				CLANG_WARN_DIRECT_OBJC_ISA_USAGE = YES_ERROR;
				CLANG_WARN_DOCUMENTATION_COMMENTS = YES;
				CLANG_WARN_EMPTY_BODY = YES;
				CLANG_WARN_ENUM_CONVERSION = YES;
				CLANG_WARN_INFINITE_RECURSION = YES;
				CLANG_WARN_INT_CONVERSION = YES;
				CLANG_WARN_OBJC_ROOT_CLASS = YES_ERROR;
				CLANG_WARN_SUSPICIOUS_MOVES = YES;
				CLANG_WARN_UNREACHABLE_CODE = YES;
				CLANG_WARN__DUPLICATE_METHOD_MATCH = YES;
				"CODE_SIGN_IDENTITY[sdk=iphoneos*]" = "iPhone Developer";
				COPY_PHASE_STRIP = NO;
				DEBUG_INFORMATION_FORMAT = dwarf;
				ENABLE_STRICT_OBJC_MSGSEND = YES;
				ENABLE_TESTABILITY = YES;
				GCC_C_LANGUAGE_STANDARD = gnu99;
				GCC_DYNAMIC_NO_PIC = NO;
				GCC_NO_COMMON_BLOCKS = YES;
				GCC_OPTIMIZATION_LEVEL = 0;
				GCC_PREPROCESSOR_DEFINITIONS = (
					"DEBUG=1",
					"$(inherited)",
				);
				GCC_WARN_64_TO_32_BIT_CONVERSION = YES;
				GCC_WARN_ABOUT_RETURN_TYPE = YES_ERROR;
				GCC_WARN_UNDECLARED_SELECTOR = YES;
				GCC_WARN_UNINITIALIZED_AUTOS = YES_AGGRESSIVE;
				GCC_WARN_UNUSED_FUNCTION = YES;
				GCC_WARN_UNUSED_VARIABLE = YES;
				IPHONEOS_DEPLOYMENT_TARGET = 10.0;
				MTL_ENABLE_DEBUG_INFO = YES;
				ONLY_ACTIVE_ARCH = YES;
				SDKROOT = iphoneos;
				SWIFT_ACTIVE_COMPILATION_CONDITIONS = DEBUG;
				SWIFT_OPTIMIZATION_LEVEL = "-Onone";
			};
			name = Debug;
		};
		C2F5B2651DB5223F0099AF8F /* Release */ = {
			isa = XCBuildConfiguration;
			buildSettings = {
				ALWAYS_SEARCH_USER_PATHS = NO;
				CLANG_ANALYZER_NONNULL = YES;
				CLANG_CXX_LANGUAGE_STANDARD = "gnu++0x";
				CLANG_CXX_LIBRARY = "libc++";
				CLANG_ENABLE_MODULES = YES;
				CLANG_ENABLE_OBJC_ARC = YES;
				CLANG_WARN_BOOL_CONVERSION = YES;
				CLANG_WARN_CONSTANT_CONVERSION = YES;
				CLANG_WARN_DIRECT_OBJC_ISA_USAGE = YES_ERROR;
				CLANG_WARN_DOCUMENTATION_COMMENTS = YES;
				CLANG_WARN_EMPTY_BODY = YES;
				CLANG_WARN_ENUM_CONVERSION = YES;
				CLANG_WARN_INFINITE_RECURSION = YES;
				CLANG_WARN_INT_CONVERSION = YES;
				CLANG_WARN_OBJC_ROOT_CLASS = YES_ERROR;
				CLANG_WARN_SUSPICIOUS_MOVES = YES;
				CLANG_WARN_UNREACHABLE_CODE = YES;
				CLANG_WARN__DUPLICATE_METHOD_MATCH = YES;
				"CODE_SIGN_IDENTITY[sdk=iphoneos*]" = "iPhone Developer";
				COPY_PHASE_STRIP = NO;
				DEBUG_INFORMATION_FORMAT = "dwarf-with-dsym";
				ENABLE_NS_ASSERTIONS = NO;
				ENABLE_STRICT_OBJC_MSGSEND = YES;
				GCC_C_LANGUAGE_STANDARD = gnu99;
				GCC_NO_COMMON_BLOCKS = YES;
				GCC_WARN_64_TO_32_BIT_CONVERSION = YES;
				GCC_WARN_ABOUT_RETURN_TYPE = YES_ERROR;
				GCC_WARN_UNDECLARED_SELECTOR = YES;
				GCC_WARN_UNINITIALIZED_AUTOS = YES_AGGRESSIVE;
				GCC_WARN_UNUSED_FUNCTION = YES;
				GCC_WARN_UNUSED_VARIABLE = YES;
				IPHONEOS_DEPLOYMENT_TARGET = 10.0;
				MTL_ENABLE_DEBUG_INFO = NO;
				SDKROOT = iphoneos;
				SWIFT_OPTIMIZATION_LEVEL = "-Owholemodule";
				VALIDATE_PRODUCT = YES;
			};
			name = Release;
		};
		C2F5B2671DB5223F0099AF8F /* Debug */ = {
			isa = XCBuildConfiguration;
			buildSettings = {
				ASSETCATALOG_COMPILER_APPICON_NAME = AppIcon;
				INFOPLIST_FILE = fake/Info.plist;
				LD_RUNPATH_SEARCH_PATHS = "$(inherited) @executable_path/Frameworks";
				PRODUCT_BUNDLE_IDENTIFIER = ohtani.fake;
				PRODUCT_NAME = "$(TARGET_NAME)";
				SWIFT_VERSION = 3.0;
			};
			name = Debug;
		};
		C2F5B2681DB5223F0099AF8F /* Release */ = {
			isa = XCBuildConfiguration;
			buildSettings = {
				ASSETCATALOG_COMPILER_APPICON_NAME = AppIcon;
				INFOPLIST_FILE = fake/Info.plist;
				LD_RUNPATH_SEARCH_PATHS = "$(inherited) @executable_path/Frameworks";
				PRODUCT_BUNDLE_IDENTIFIER = ohtani.fake;
				PRODUCT_NAME = "$(TARGET_NAME)";
				SWIFT_VERSION = 3.0;
			};
			name = Release;
		};
		C2F5B26A1DB5223F0099AF8F /* Debug */ = {
			isa = XCBuildConfiguration;
			buildSettings = {
				ALWAYS_EMBED_SWIFT_STANDARD_LIBRARIES = YES;
				BUNDLE_LOADER = "$(TEST_HOST)";
				INFOPLIST_FILE = fakeTests/Info.plist;
				LD_RUNPATH_SEARCH_PATHS = "$(inherited) @executable_path/Frameworks @loader_path/Frameworks";
				PRODUCT_BUNDLE_IDENTIFIER = ohtani.fakeTests;
				PRODUCT_NAME = "$(TARGET_NAME)";
				SWIFT_VERSION = 3.0;
				TEST_HOST = "$(BUILT_PRODUCTS_DIR)/fake.app/fake";
			};
			name = Debug;
		};
		C2F5B26B1DB5223F0099AF8F /* Release */ = {
			isa = XCBuildConfiguration;
			buildSettings = {
				ALWAYS_EMBED_SWIFT_STANDARD_LIBRARIES = YES;
				BUNDLE_LOADER = "$(TEST_HOST)";
				INFOPLIST_FILE = fakeTests/Info.plist;
				LD_RUNPATH_SEARCH_PATHS = "$(inherited) @executable_path/Frameworks @loader_path/Frameworks";
				PRODUCT_BUNDLE_IDENTIFIER = ohtani.fakeTests;
				PRODUCT_NAME = "$(TARGET_NAME)";
				SWIFT_VERSION = 3.0;
				TEST_HOST = "$(BUILT_PRODUCTS_DIR)/fake.app/fake";
			};
			name = Release;
		};
		C2F5B26D1DB5223F0099AF8F /* Debug */ = {
			isa = XCBuildConfiguration;
			buildSettings = {
				ALWAYS_EMBED_SWIFT_STANDARD_LIBRARIES = YES;
				INFOPLIST_FILE = fakeUITests/Info.plist;
				LD_RUNPATH_SEARCH_PATHS = "$(inherited) @executable_path/Frameworks @loader_path/Frameworks";
				PRODUCT_BUNDLE_IDENTIFIER = ohtani.fakeUITests;
				PRODUCT_NAME = "$(TARGET_NAME)";
				SWIFT_VERSION = 3.0;
				TEST_TARGET_NAME = fake;
			};
			name = Debug;
		};
		C2F5B26E1DB5223F0099AF8F /* Release */ = {
			isa = XCBuildConfiguration;
			buildSettings = {
				ALWAYS_EMBED_SWIFT_STANDARD_LIBRARIES = YES;
				INFOPLIST_FILE = fakeUITests/Info.plist;
				LD_RUNPATH_SEARCH_PATHS = "$(inherited) @executable_path/Frameworks @loader_path/Frameworks";
				PRODUCT_BUNDLE_IDENTIFIER = ohtani.fakeUITests;
				PRODUCT_NAME = "$(TARGET_NAME)";
				SWIFT_VERSION = 3.0;
				TEST_TARGET_NAME = fake;
			};
			name = Release;
		};
/* End XCBuildConfiguration section */

/* Begin XCConfigurationList section */
		C2F5B2391DB5223E0099AF8F /* Build configuration list for PBXProject "fake" */ = {
			isa = XCConfigurationList;
			buildConfigurations = (
				C2F5B2641DB5223F0099AF8F /* Debug */,
				C2F5B2651DB5223F0099AF8F /* Release */,
			);
			defaultConfigurationIsVisible = 0;
			defaultConfigurationName = Release;
		};
		C2F5B2661DB5223F0099AF8F /* Build configuration list for PBXNativeTarget "fake" */ = {
			isa = XCConfigurationList;
			buildConfigurations = (
				C2F5B2671DB5223F0099AF8F /* Debug */,
				C2F5B2681DB5223F0099AF8F /* Release */,
			);
			defaultConfigurationIsVisible = 0;
			defaultConfigurationName = Release;
		};
		C2F5B2691DB5223F0099AF8F /* Build configuration list for PBXNativeTarget "fakeTests" */ = {
			isa = XCConfigurationList;
			buildConfigurations = (
				C2F5B26A1DB5223F0099AF8F /* Debug */,
				C2F5B26B1DB5223F0099AF8F /* Release */,
			);
			defaultConfigurationIsVisible = 0;
			defaultConfigurationName = Release;
		};
		C2F5B26C1DB5223F0099AF8F /* Build configuration list for PBXNativeTarget "fakeUITests" */ = {
			isa = XCConfigurationList;
			buildConfigurations = (
				C2F5B26D1DB5223F0099AF8F /* Debug */,
				C2F5B26E1DB5223F0099AF8F /* Release */,
			);
			defaultConfigurationIsVisible = 0;
			defaultConfigurationName = Release;
		};
/* End XCConfigurationList section */
	};
	rootObject = C2F5B2361DB5223E0099AF8F /* Project object */;
}
